
Microsoft Visual Studio Solution File, Format Version 12.00
# Visual Studio 15
VisualStudioVersion = 15.0.28307.421
MinimumVisualStudioVersion = 10.0.40219.1
Project("{FAE04EC0-301F-11D3-BF4B-00C04F79EFBC}") = "GDriveFiles", "GDriveFiles\GDriveFiles.csproj", "{723537B9-4C49-48B1-894D-80D82A60D68E}"
EndProject
Global
	GlobalSection(SolutionConfigurationPlatforms) = preSolution
		Debug|Any CPU = Debug|Any CPU
		Release|Any CPU = Release|Any CPU
	EndGlobalSection
	GlobalSection(ProjectConfigurationPlatforms) = postSolution
		{723537B9-4C49-48B1-894D-80D82A60D68E}.Debug|Any CPU.ActiveCfg = Debug|Any CPU
		{723537B9-4C49-48B1-894D-80D82A60D68E}.Debug|Any CPU.Build.0 = Debug|Any CPU
		{723537B9-4C49-48B1-894D-80D82A60D68E}.Release|Any CPU.ActiveCfg = Release|Any CPU
		{723537B9-4C49-48B1-894D-80D82A60D68E}.Release|Any CPU.Build.0 = Release|Any CPU
	EndGlobalSection
	GlobalSection(SolutionProperties) = preSolution
		HideSolutionNode = FALSE
	EndGlobalSection
	GlobalSection(ExtensibilityGlobals) = postSolution
		SolutionGuid = {0EC8861C-94E9-4F54-8203-DA6896D9738A}
	EndGlobalSection
EndGlobal
